// !$*UTF8*$!
{
	archiveVersion = 1;
	classes = {
	};
	objectVersion = 50;
	objects = {

/* Begin PBXBuildFile section */
		4644F3DC249143FB00DAE0DD /* AppDelegate.swift in Sources */ = {isa = PBXBuildFile; fileRef = 4644F3DB249143FB00DAE0DD /* AppDelegate.swift */; };
		4644F3DE249143FB00DAE0DD /* SceneDelegate.swift in Sources */ = {isa = PBXBuildFile; fileRef = 4644F3DD249143FB00DAE0DD /* SceneDelegate.swift */; };
		4644F3E3249143FB00DAE0DD /* Main.storyboard in Resources */ = {isa = PBXBuildFile; fileRef = 4644F3E1249143FB00DAE0DD /* Main.storyboard */; };
		4644F3E5249143FE00DAE0DD /* Assets.xcassets in Resources */ = {isa = PBXBuildFile; fileRef = 4644F3E4249143FE00DAE0DD /* Assets.xcassets */; };
		4644F3E8249143FE00DAE0DD /* LaunchScreen.storyboard in Resources */ = {isa = PBXBuildFile; fileRef = 4644F3E6249143FE00DAE0DD /* LaunchScreen.storyboard */; };
		4644F3F12491464000DAE0DD /* NewsListTableViewController.swift in Sources */ = {isa = PBXBuildFile; fileRef = 4644F3F02491464000DAE0DD /* NewsListTableViewController.swift */; };
		4644F3F42491494300DAE0DD /* Webservices.swift in Sources */ = {isa = PBXBuildFile; fileRef = 4644F3F32491494300DAE0DD /* Webservices.swift */; };
		4644F3F724914B5E00DAE0DD /* Article.swift in Sources */ = {isa = PBXBuildFile; fileRef = 4644F3F624914B5E00DAE0DD /* Article.swift */; };
		4644F3FA24914D6B00DAE0DD /* ArticleViewModel.swift in Sources */ = {isa = PBXBuildFile; fileRef = 4644F3F924914D6B00DAE0DD /* ArticleViewModel.swift */; };
		4644F3FD24915A2000DAE0DD /* ArticleTableViewCell.swift in Sources */ = {isa = PBXBuildFile; fileRef = 4644F3FC24915A2000DAE0DD /* ArticleTableViewCell.swift */; };
		4644F3FF24915FCE00DAE0DD /* sample.png in Resources */ = {isa = PBXBuildFile; fileRef = 4644F3FE24915FCD00DAE0DD /* sample.png */; };
/* End PBXBuildFile section */

/* Begin PBXFileReference section */
		4644F3D8249143FB00DAE0DD /* News.app */ = {isa = PBXFileReference; explicitFileType = wrapper.application; includeInIndex = 0; path = News.app; sourceTree = BUILT_PRODUCTS_DIR; };
		4644F3DB249143FB00DAE0DD /* AppDelegate.swift */ = {isa = PBXFileReference; lastKnownFileType = sourcecode.swift; path = AppDelegate.swift; sourceTree = "<group>"; };
		4644F3DD249143FB00DAE0DD /* SceneDelegate.swift */ = {isa = PBXFileReference; lastKnownFileType = sourcecode.swift; path = SceneDelegate.swift; sourceTree = "<group>"; };
		4644F3E2249143FB00DAE0DD /* Base */ = {isa = PBXFileReference; lastKnownFileType = file.storyboard; name = Base; path = Base.lproj/Main.storyboard; sourceTree = "<group>"; };
		4644F3E4249143FE00DAE0DD /* Assets.xcassets */ = {isa = PBXFileReference; lastKnownFileType = folder.assetcatalog; path = Assets.xcassets; sourceTree = "<group>"; };
		4644F3E7249143FE00DAE0DD /* Base */ = {isa = PBXFileReference; lastKnownFileType = file.storyboard; name = Base; path = Base.lproj/LaunchScreen.storyboard; sourceTree = "<group>"; };
		4644F3E9249143FE00DAE0DD /* Info.plist */ = {isa = PBXFileReference; lastKnownFileType = text.plist.xml; path = Info.plist; sourceTree = "<group>"; };
		4644F3F02491464000DAE0DD /* NewsListTableViewController.swift */ = {isa = PBXFileReference; lastKnownFileType = sourcecode.swift; path = NewsListTableViewController.swift; sourceTree = "<group>"; };
		4644F3F32491494300DAE0DD /* Webservices.swift */ = {isa = PBXFileReference; lastKnownFileType = sourcecode.swift; path = Webservices.swift; sourceTree = "<group>"; };
		4644F3F624914B5E00DAE0DD /* Article.swift */ = {isa = PBXFileReference; lastKnownFileType = sourcecode.swift; path = Article.swift; sourceTree = "<group>"; };
		4644F3F924914D6B00DAE0DD /* ArticleViewModel.swift */ = {isa = PBXFileReference; lastKnownFileType = sourcecode.swift; path = ArticleViewModel.swift; sourceTree = "<group>"; };
		4644F3FC24915A2000DAE0DD /* ArticleTableViewCell.swift */ = {isa = PBXFileReference; lastKnownFileType = sourcecode.swift; path = ArticleTableViewCell.swift; sourceTree = "<group>"; };
		4644F3FE24915FCD00DAE0DD /* sample.png */ = {isa = PBXFileReference; lastKnownFileType = image.png; path = sample.png; sourceTree = "<group>"; };
/* End PBXFileReference section */

/* Begin PBXFrameworksBuildPhase section */
		4644F3D5249143FB00DAE0DD /* Frameworks */ = {
			isa = PBXFrameworksBuildPhase;
			buildActionMask = 2147483647;
			files = (
			);
			runOnlyForDeploymentPostprocessing = 0;
		};
/* End PBXFrameworksBuildPhase section */

/* Begin PBXGroup section */
		4644F3CF249143FB00DAE0DD = {
			isa = PBXGroup;
			children = (
				4644F3DA249143FB00DAE0DD /* News */,
				4644F3D9249143FB00DAE0DD /* Products */,
			);
			sourceTree = "<group>";
		};
		4644F3D9249143FB00DAE0DD /* Products */ = {
			isa = PBXGroup;
			children = (
				4644F3D8249143FB00DAE0DD /* News.app */,
			);
			name = Products;
			sourceTree = "<group>";
		};
		4644F3DA249143FB00DAE0DD /* News */ = {
			isa = PBXGroup;
			children = (
				4644F3FE24915FCD00DAE0DD /* sample.png */,
				4644F3FB24915A0A00DAE0DD /* Cells */,
				4644F3F824914D5D00DAE0DD /* View Models */,
				4644F3F524914B4C00DAE0DD /* Model */,
				4644F3F22491493100DAE0DD /* Services */,
				4644F3EF2491462300DAE0DD /* Controller */,
				4644F3DB249143FB00DAE0DD /* AppDelegate.swift */,
				4644F3DD249143FB00DAE0DD /* SceneDelegate.swift */,
				4644F3E1249143FB00DAE0DD /* Main.storyboard */,
				4644F3E4249143FE00DAE0DD /* Assets.xcassets */,
				4644F3E6249143FE00DAE0DD /* LaunchScreen.storyboard */,
				4644F3E9249143FE00DAE0DD /* Info.plist */,
			);
			path = News;
			sourceTree = "<group>";
		};
		4644F3EF2491462300DAE0DD /* Controller */ = {
			isa = PBXGroup;
			children = (
				4644F3F02491464000DAE0DD /* NewsListTableViewController.swift */,
			);
			path = Controller;
			sourceTree = "<group>";
		};
		4644F3F22491493100DAE0DD /* Services */ = {
			isa = PBXGroup;
			children = (
				4644F3F32491494300DAE0DD /* Webservices.swift */,
			);
			path = Services;
			sourceTree = "<group>";
		};
		4644F3F524914B4C00DAE0DD /* Model */ = {
			isa = PBXGroup;
			children = (
				4644F3F624914B5E00DAE0DD /* Article.swift */,
			);
			path = Model;
			sourceTree = "<group>";
		};
		4644F3F824914D5D00DAE0DD /* View Models */ = {
			isa = PBXGroup;
			children = (
				4644F3F924914D6B00DAE0DD /* ArticleViewModel.swift */,
			);
			path = "View Models";
			sourceTree = "<group>";
		};
		4644F3FB24915A0A00DAE0DD /* Cells */ = {
			isa = PBXGroup;
			children = (
				4644F3FC24915A2000DAE0DD /* ArticleTableViewCell.swift */,
			);
			path = Cells;
			sourceTree = "<group>";
		};
/* End PBXGroup section */

/* Begin PBXNativeTarget section */
		4644F3D7249143FB00DAE0DD /* News */ = {
			isa = PBXNativeTarget;
			buildConfigurationList = 4644F3EC249143FE00DAE0DD /* Build configuration list for PBXNativeTarget "News" */;
			buildPhases = (
				4644F3D4249143FB00DAE0DD /* Sources */,
				4644F3D5249143FB00DAE0DD /* Frameworks */,
				4644F3D6249143FB00DAE0DD /* Resources */,
			);
			buildRules = (
			);
			dependencies = (
			);
			name = News;
			productName = News;
			productReference = 4644F3D8249143FB00DAE0DD /* News.app */;
			productType = "com.apple.product-type.application";
		};
/* End PBXNativeTarget section */

/* Begin PBXProject section */
		4644F3D0249143FB00DAE0DD /* Project object */ = {
			isa = PBXProject;
			attributes = {
				LastSwiftUpdateCheck = 1140;
				LastUpgradeCheck = 1140;
				ORGANIZATIONNAME = Abhishek;
				TargetAttributes = {
					4644F3D7249143FB00DAE0DD = {
						CreatedOnToolsVersion = 11.4.1;
					};
				};
			};
			buildConfigurationList = 4644F3D3249143FB00DAE0DD /* Build configuration list for PBXProject "News" */;
			compatibilityVersion = "Xcode 9.3";
			developmentRegion = en;
			hasScannedForEncodings = 0;
			knownRegions = (
				en,
				Base,
			);
			mainGroup = 4644F3CF249143FB00DAE0DD;
			productRefGroup = 4644F3D9249143FB00DAE0DD /* Products */;
			projectDirPath = "";
			projectRoot = "";
			targets = (
				4644F3D7249143FB00DAE0DD /* News */,
			);
		};
/* End PBXProject section */

/* Begin PBXResourcesBuildPhase section */
		4644F3D6249143FB00DAE0DD /* Resources */ = {
			isa = PBXResourcesBuildPhase;
			buildActionMask = 2147483647;
			files = (
				4644F3FF24915FCE00DAE0DD /* sample.png in Resources */,
				4644F3E8249143FE00DAE0DD /* LaunchScreen.storyboard in Resources */,
				4644F3E5249143FE00DAE0DD /* Assets.xcassets in Resources */,
				4644F3E3249143FB00DAE0DD /* Main.storyboard in Resources */,
			);
			runOnlyForDeploymentPostprocessing = 0;
		};
/* End PBXResourcesBuildPhase section */

/* Begin PBXSourcesBuildPhase section */
		4644F3D4249143FB00DAE0DD /* Sources */ = {
			isa = PBXSourcesBuildPhase;
			buildActionMask = 2147483647;
			files = (
				4644F3DC249143FB00DAE0DD /* AppDelegate.swift in Sources */,
				4644F3F12491464000DAE0DD /* NewsListTableViewController.swift in Sources */,
				4644F3F42491494300DAE0DD /* Webservices.swift in Sources */,
				4644F3FA24914D6B00DAE0DD /* ArticleViewModel.swift in Sources */,
				4644F3DE249143FB00DAE0DD /* SceneDelegate.swift in Sources */,
				4644F3FD24915A2000DAE0DD /* ArticleTableViewCell.swift in Sources */,
				4644F3F724914B5E00DAE0DD /* Article.swift in Sources */,
			);
			runOnlyForDeploymentPostprocessing = 0;
		};
/* End PBXSourcesBuildPhase section */

/* Begin PBXVariantGroup section */
		4644F3E1249143FB00DAE0DD /* Main.storyboard */ = {
			isa = PBXVariantGroup;
			children = (
				4644F3E2249143FB00DAE0DD /* Base */,
			);
			name = Main.storyboard;
			sourceTree = "<group>";
		};
		4644F3E6249143FE00DAE0DD /* LaunchScreen.storyboard */ = {
			isa = PBXVariantGroup;
			children = (
				4644F3E7249143FE00DAE0DD /* Base */,
			);
			name = LaunchScreen.storyboard;
			sourceTree = "<group>";
		};
/* End PBXVariantGroup section */

/* Begin XCBuildConfiguration section */
		4644F3EA249143FE00DAE0DD /* Debug */ = {
			isa = XCBuildConfiguration;
			buildSettings = {
				ALWAYS_SEARCH_USER_PATHS = NO;
				CLANG_ANALYZER_NONNULL = YES;
				CLANG_ANALYZER_NUMBER_OBJECT_CONVERSION = YES_AGGRESSIVE;
				CLANG_CXX_LANGUAGE_STANDARD = "gnu++14";
				CLANG_CXX_LIBRARY = "libc++";
				CLANG_ENABLE_MODULES = YES;
				CLANG_ENABLE_OBJC_ARC = YES;
				CLANG_ENABLE_OBJC_WEAK = YES;
				CLANG_WARN_BLOCK_CAPTURE_AUTORELEASING = YES;
				CLANG_WARN_BOOL_CONVERSION = YES;
				CLANG_WARN_COMMA = YES;
				CLANG_WARN_CONSTANT_CONVERSION = YES;
				CLANG_WARN_DEPRECATED_OBJC_IMPLEMENTATIONS = YES;
				CLANG_WARN_DIRECT_OBJC_ISA_USAGE = YES_ERROR;
				CLANG_WARN_DOCUMENTATION_COMMENTS = YES;
				CLANG_WARN_EMPTY_BODY = YES;
				CLANG_WARN_ENUM_CONVERSION = YES;
				CLANG_WARN_INFINITE_RECURSION = YES;
				CLANG_WARN_INT_CONVERSION = YES;
				CLANG_WARN_NON_LITERAL_NULL_CONVERSION = YES;
				CLANG_WARN_OBJC_IMPLICIT_RETAIN_SELF = YES;
				CLANG_WARN_OBJC_LITERAL_CONVERSION = YES;
				CLANG_WARN_OBJC_ROOT_CLASS = YES_ERROR;
				CLANG_WARN_RANGE_LOOP_ANALYSIS = YES;
				CLANG_WARN_STRICT_PROTOTYPES = YES;
				CLANG_WARN_SUSPICIOUS_MOVE = YES;
				CLANG_WARN_UNGUARDED_AVAILABILITY = YES_AGGRESSIVE;
				CLANG_WARN_UNREACHABLE_CODE = YES;
				CLANG_WARN__DUPLICATE_METHOD_MATCH = YES;
				COPY_PHASE_STRIP = NO;
				DEBUG_INFORMATION_FORMAT = dwarf;
				ENABLE_STRICT_OBJC_MSGSEND = YES;
				ENABLE_TESTABILITY = YES;
				GCC_C_LANGUAGE_STANDARD = gnu11;
				GCC_DYNAMIC_NO_PIC = NO;
				GCC_NO_COMMON_BLOCKS = YES;
				GCC_OPTIMIZATION_LEVEL = 0;
				GCC_PREPROCESSOR_DEFINITIONS = (
					"DEBUG=1",
					"$(inherited)",
				);
				GCC_WARN_64_TO_32_BIT_CONVERSION = YES;
				GCC_WARN_ABOUT_RETURN_TYPE = YES_ERROR;
				GCC_WARN_UNDECLARED_SELECTOR = YES;
				GCC_WARN_UNINITIALIZED_AUTOS = YES_AGGRESSIVE;
				GCC_WARN_UNUSED_FUNCTION = YES;
				GCC_WARN_UNUSED_VARIABLE = YES;
				IPHONEOS_DEPLOYMENT_TARGET = 13.4;
				MTL_ENABLE_DEBUG_INFO = INCLUDE_SOURCE;
				MTL_FAST_MATH = YES;
				ONLY_ACTIVE_ARCH = YES;
				SDKROOT = iphoneos;
				SWIFT_ACTIVE_COMPILATION_CONDITIONS = DEBUG;
				SWIFT_OPTIMIZATION_LEVEL = "-Onone";
			};
			name = Debug;
		};
		4644F3EB249143FE00DAE0DD /* Release */ = {
			isa = XCBuildConfiguration;
			buildSettings = {
				ALWAYS_SEARCH_USER_PATHS = NO;
				CLANG_ANALYZER_NONNULL = YES;
				CLANG_ANALYZER_NUMBER_OBJECT_CONVERSION = YES_AGGRESSIVE;
				CLANG_CXX_LANGUAGE_STANDARD = "gnu++14";
				CLANG_CXX_LIBRARY = "libc++";
				CLANG_ENABLE_MODULES = YES;
				CLANG_ENABLE_OBJC_ARC = YES;
				CLANG_ENABLE_OBJC_WEAK = YES;
				CLANG_WARN_BLOCK_CAPTURE_AUTORELEASING = YES;
				CLANG_WARN_BOOL_CONVERSION = YES;
				CLANG_WARN_COMMA = YES;
				CLANG_WARN_CONSTANT_CONVERSION = YES;
				CLANG_WARN_DEPRECATED_OBJC_IMPLEMENTATIONS = YES;
				CLANG_WARN_DIRECT_OBJC_ISA_USAGE = YES_ERROR;
				CLANG_WARN_DOCUMENTATION_COMMENTS = YES;
				CLANG_WARN_EMPTY_BODY = YES;
				CLANG_WARN_ENUM_CONVERSION = YES;
				CLANG_WARN_INFINITE_RECURSION = YES;
				CLANG_WARN_INT_CONVERSION = YES;
				CLANG_WARN_NON_LITERAL_NULL_CONVERSION = YES;
				CLANG_WARN_OBJC_IMPLICIT_RETAIN_SELF = YES;
				CLANG_WARN_OBJC_LITERAL_CONVERSION = YES;
				CLANG_WARN_OBJC_ROOT_CLASS = YES_ERROR;
				CLANG_WARN_RANGE_LOOP_ANALYSIS = YES;
				CLANG_WARN_STRICT_PROTOTYPES = YES;
				CLANG_WARN_SUSPICIOUS_MOVE = YES;
				CLANG_WARN_UNGUARDED_AVAILABILITY = YES_AGGRESSIVE;
				CLANG_WARN_UNREACHABLE_CODE = YES;
				CLANG_WARN__DUPLICATE_METHOD_MATCH = YES;
				COPY_PHASE_STRIP = NO;
				DEBUG_INFORMATION_FORMAT = "dwarf-with-dsym";
				ENABLE_NS_ASSERTIONS = NO;
				ENABLE_STRICT_OBJC_MSGSEND = YES;
				GCC_C_LANGUAGE_STANDARD = gnu11;
				GCC_NO_COMMON_BLOCKS = YES;
				GCC_WARN_64_TO_32_BIT_CONVERSION = YES;
				GCC_WARN_ABOUT_RETURN_TYPE = YES_ERROR;
				GCC_WARN_UNDECLARED_SELECTOR = YES;
				GCC_WARN_UNINITIALIZED_AUTOS = YES_AGGRESSIVE;
				GCC_WARN_UNUSED_FUNCTION = YES;
				GCC_WARN_UNUSED_VARIABLE = YES;
				IPHONEOS_DEPLOYMENT_TARGET = 13.4;
				MTL_ENABLE_DEBUG_INFO = NO;
				MTL_FAST_MATH = YES;
				SDKROOT = iphoneos;
				SWIFT_COMPILATION_MODE = wholemodule;
				SWIFT_OPTIMIZATION_LEVEL = "-O";
				VALIDATE_PRODUCT = YES;
			};
			name = Release;
		};
		4644F3ED249143FE00DAE0DD /* Debug */ = {
			isa = XCBuildConfiguration;
			buildSettings = {
				ASSETCATALOG_COMPILER_APPICON_NAME = AppIcon;
				CODE_SIGN_STYLE = Automatic;
				INFOPLIST_FILE = News/Info.plist;
				LD_RUNPATH_SEARCH_PATHS = (
					"$(inherited)",
					"@executable_path/Frameworks",
				);
				PRODUCT_BUNDLE_IDENTIFIER = APMapple.News;
				PRODUCT_NAME = "$(TARGET_NAME)";
				SWIFT_VERSION = 5.0;
				TARGETED_DEVICE_FAMILY = "1,2";
			};
			name = Debug;
		};
		4644F3EE249143FE00DAE0DD /* Release */ = {
			isa = XCBuildConfiguration;
			buildSettings = {
				ASSETCATALOG_COMPILER_APPICON_NAME = AppIcon;
				CODE_SIGN_STYLE = Automatic;
				INFOPLIST_FILE = News/Info.plist;
				LD_RUNPATH_SEARCH_PATHS = (
					"$(inherited)",
					"@executable_path/Frameworks",
				);
				PRODUCT_BUNDLE_IDENTIFIER = APMapple.News;
				PRODUCT_NAME = "$(TARGET_NAME)";
				SWIFT_VERSION = 5.0;
				TARGETED_DEVICE_FAMILY = "1,2";
			};
			name = Release;
		};
/* End XCBuildConfiguration section */

/* Begin XCConfigurationList section */
		4644F3D3249143FB00DAE0DD /* Build configuration list for PBXProject "News" */ = {
			isa = XCConfigurationList;
			buildConfigurations = (
				4644F3EA249143FE00DAE0DD /* Debug */,
				4644F3EB249143FE00DAE0DD /* Release */,
			);
			defaultConfigurationIsVisible = 0;
			defaultConfigurationName = Release;
		};
		4644F3EC249143FE00DAE0DD /* Build configuration list for PBXNativeTarget "News" */ = {
			isa = XCConfigurationList;
			buildConfigurations = (
				4644F3ED249143FE00DAE0DD /* Debug */,
				4644F3EE249143FE00DAE0DD /* Release */,
			);
			defaultConfigurationIsVisible = 0;
			defaultConfigurationName = Release;
		};
/* End XCConfigurationList section */
	};
	rootObject = 4644F3D0249143FB00DAE0DD /* Project object */;
}
